// !$*UTF8*$!
{
	archiveVersion = 1;
	classes = {
	};
	objectVersion = 56;
	objects = {

/* Begin PBXBuildFile section */
		86195910FBB23F04F3794F81 /* Pods_WorkTime.framework in Frameworks */ = {isa = PBXBuildFile; fileRef = 6C0A58E4A4CF53BC6243E222 /* Pods_WorkTime.framework */; };
		C822689E29E8177D00E72C15 /* AppDelegate.swift in Sources */ = {isa = PBXBuildFile; fileRef = C822689D29E8177D00E72C15 /* AppDelegate.swift */; };
		C82268A029E8177D00E72C15 /* SceneDelegate.swift in Sources */ = {isa = PBXBuildFile; fileRef = C822689F29E8177D00E72C15 /* SceneDelegate.swift */; };
		C82268A229E8177D00E72C15 /* ViewController.swift in Sources */ = {isa = PBXBuildFile; fileRef = C82268A129E8177D00E72C15 /* ViewController.swift */; };
		C82268A729E8177E00E72C15 /* Assets.xcassets in Resources */ = {isa = PBXBuildFile; fileRef = C82268A629E8177E00E72C15 /* Assets.xcassets */; };
		C82268AA29E8177E00E72C15 /* LaunchScreen.storyboard in Resources */ = {isa = PBXBuildFile; fileRef = C82268A829E8177E00E72C15 /* LaunchScreen.storyboard */; };
		C82268DB29E837CF00E72C15 /* R.generated.swift in Sources */ = {isa = PBXBuildFile; fileRef = C82268DA29E837CF00E72C15 /* R.generated.swift */; };
/* End PBXBuildFile section */

/* Begin PBXFileReference section */
		2337CD7BFF88093E4A3F3B2E /* Pods-WorkTime.release.xcconfig */ = {isa = PBXFileReference; includeInIndex = 1; lastKnownFileType = text.xcconfig; name = "Pods-WorkTime.release.xcconfig"; path = "Target Support Files/Pods-WorkTime/Pods-WorkTime.release.xcconfig"; sourceTree = "<group>"; };
		6C0A58E4A4CF53BC6243E222 /* Pods_WorkTime.framework */ = {isa = PBXFileReference; explicitFileType = wrapper.framework; includeInIndex = 0; path = Pods_WorkTime.framework; sourceTree = BUILT_PRODUCTS_DIR; };
		B375DB5B6AE4D57207AA81D9 /* Pods-WorkTime.debug.xcconfig */ = {isa = PBXFileReference; includeInIndex = 1; lastKnownFileType = text.xcconfig; name = "Pods-WorkTime.debug.xcconfig"; path = "Target Support Files/Pods-WorkTime/Pods-WorkTime.debug.xcconfig"; sourceTree = "<group>"; };
		C822689A29E8177D00E72C15 /* WorkTime.app */ = {isa = PBXFileReference; explicitFileType = wrapper.application; includeInIndex = 0; path = WorkTime.app; sourceTree = BUILT_PRODUCTS_DIR; };
		C822689D29E8177D00E72C15 /* AppDelegate.swift */ = {isa = PBXFileReference; lastKnownFileType = sourcecode.swift; path = AppDelegate.swift; sourceTree = "<group>"; };
		C822689F29E8177D00E72C15 /* SceneDelegate.swift */ = {isa = PBXFileReference; lastKnownFileType = sourcecode.swift; path = SceneDelegate.swift; sourceTree = "<group>"; };
		C82268A129E8177D00E72C15 /* ViewController.swift */ = {isa = PBXFileReference; lastKnownFileType = sourcecode.swift; path = ViewController.swift; sourceTree = "<group>"; };
		C82268A629E8177E00E72C15 /* Assets.xcassets */ = {isa = PBXFileReference; lastKnownFileType = folder.assetcatalog; path = Assets.xcassets; sourceTree = "<group>"; };
		C82268A929E8177E00E72C15 /* Base */ = {isa = PBXFileReference; lastKnownFileType = file.storyboard; name = Base; path = Base.lproj/LaunchScreen.storyboard; sourceTree = "<group>"; };
		C82268AB29E8177E00E72C15 /* Info.plist */ = {isa = PBXFileReference; lastKnownFileType = text.plist.xml; path = Info.plist; sourceTree = "<group>"; };
		C82268DA29E837CF00E72C15 /* R.generated.swift */ = {isa = PBXFileReference; fileEncoding = 4; lastKnownFileType = sourcecode.swift; path = R.generated.swift; sourceTree = "<group>"; };
/* End PBXFileReference section */

/* Begin PBXFrameworksBuildPhase section */
		C822689729E8177D00E72C15 /* Frameworks */ = {
			isa = PBXFrameworksBuildPhase;
			buildActionMask = 2147483647;
			files = (
				86195910FBB23F04F3794F81 /* Pods_WorkTime.framework in Frameworks */,
			);
			runOnlyForDeploymentPostprocessing = 0;
		};
/* End PBXFrameworksBuildPhase section */

/* Begin PBXGroup section */
		2564FFB134427A6C9C15D456 /* Pods */ = {
			isa = PBXGroup;
			children = (
				B375DB5B6AE4D57207AA81D9 /* Pods-WorkTime.debug.xcconfig */,
				2337CD7BFF88093E4A3F3B2E /* Pods-WorkTime.release.xcconfig */,
			);
			path = Pods;
			sourceTree = "<group>";
		};
		791D368BE6F42010BCC1719A /* Frameworks */ = {
			isa = PBXGroup;
			children = (
				6C0A58E4A4CF53BC6243E222 /* Pods_WorkTime.framework */,
			);
			name = Frameworks;
			sourceTree = "<group>";
		};
		C822689129E8177D00E72C15 = {
			isa = PBXGroup;
			children = (
				C822689C29E8177D00E72C15 /* WorkTime */,
				C822689B29E8177D00E72C15 /* Products */,
				2564FFB134427A6C9C15D456 /* Pods */,
				791D368BE6F42010BCC1719A /* Frameworks */,
			);
			sourceTree = "<group>";
		};
		C822689B29E8177D00E72C15 /* Products */ = {
			isa = PBXGroup;
			children = (
				C822689A29E8177D00E72C15 /* WorkTime.app */,
			);
			name = Products;
			sourceTree = "<group>";
		};
		C822689C29E8177D00E72C15 /* WorkTime */ = {
			isa = PBXGroup;
			children = (
				C82268D829E836BF00E72C15 /* Resources */,
				C82268B229E817B300E72C15 /* Application */,
				C82268B129E8179800E72C15 /* SupportingFiles */,
				C82268A129E8177D00E72C15 /* ViewController.swift */,
			);
			path = WorkTime;
			sourceTree = "<group>";
		};
		C82268B129E8179800E72C15 /* SupportingFiles */ = {
			isa = PBXGroup;
			children = (
				C82268A629E8177E00E72C15 /* Assets.xcassets */,
				C82268A829E8177E00E72C15 /* LaunchScreen.storyboard */,
				C82268AB29E8177E00E72C15 /* Info.plist */,
			);
			path = SupportingFiles;
			sourceTree = "<group>";
		};
		C82268B229E817B300E72C15 /* Application */ = {
			isa = PBXGroup;
			children = (
				C822689D29E8177D00E72C15 /* AppDelegate.swift */,
				C822689F29E8177D00E72C15 /* SceneDelegate.swift */,
			);
			path = Application;
			sourceTree = "<group>";
		};
		C82268D829E836BF00E72C15 /* Resources */ = {
			isa = PBXGroup;
			children = (
				C82268D929E8371700E72C15 /* Generated */,
			);
			path = Resources;
			sourceTree = "<group>";
		};
		C82268D929E8371700E72C15 /* Generated */ = {
			isa = PBXGroup;
			children = (
				C82268DA29E837CF00E72C15 /* R.generated.swift */,
			);
			path = Generated;
			sourceTree = "<group>";
		};
/* End PBXGroup section */

/* Begin PBXNativeTarget section */
		C822689929E8177D00E72C15 /* WorkTime */ = {
			isa = PBXNativeTarget;
			buildConfigurationList = C82268AE29E8177E00E72C15 /* Build configuration list for PBXNativeTarget "WorkTime" */;
			buildPhases = (
				3D5F8433E902A74E87F19986 /* [CP] Check Pods Manifest.lock */,
				C822689629E8177D00E72C15 /* Sources */,
				C822689729E8177D00E72C15 /* Frameworks */,
				C822689829E8177D00E72C15 /* Resources */,
				1626B6592279C174C73D7F27 /* [CP] Embed Pods Frameworks */,
				C82268D729E8368B00E72C15 /* R generate */,
			);
			buildRules = (
			);
			dependencies = (
			);
			name = WorkTime;
			productName = WorkTime;
			productReference = C822689A29E8177D00E72C15 /* WorkTime.app */;
			productType = "com.apple.product-type.application";
		};
/* End PBXNativeTarget section */

/* Begin PBXProject section */
		C822689229E8177D00E72C15 /* Project object */ = {
			isa = PBXProject;
			attributes = {
				BuildIndependentTargetsInParallel = 1;
				LastSwiftUpdateCheck = 1420;
				LastUpgradeCheck = 1420;
				TargetAttributes = {
					C822689929E8177D00E72C15 = {
						CreatedOnToolsVersion = 14.2;
					};
				};
			};
			buildConfigurationList = C822689529E8177D00E72C15 /* Build configuration list for PBXProject "WorkTime" */;
			compatibilityVersion = "Xcode 14.0";
			developmentRegion = en;
			hasScannedForEncodings = 0;
			knownRegions = (
				en,
				Base,
			);
			mainGroup = C822689129E8177D00E72C15;
			productRefGroup = C822689B29E8177D00E72C15 /* Products */;
			projectDirPath = "";
			projectRoot = "";
			targets = (
				C822689929E8177D00E72C15 /* WorkTime */,
			);
		};
/* End PBXProject section */

/* Begin PBXResourcesBuildPhase section */
		C822689829E8177D00E72C15 /* Resources */ = {
			isa = PBXResourcesBuildPhase;
			buildActionMask = 2147483647;
			files = (
				C82268AA29E8177E00E72C15 /* LaunchScreen.storyboard in Resources */,
				C82268A729E8177E00E72C15 /* Assets.xcassets in Resources */,
			);
			runOnlyForDeploymentPostprocessing = 0;
		};
/* End PBXResourcesBuildPhase section */

/* Begin PBXShellScriptBuildPhase section */
		1626B6592279C174C73D7F27 /* [CP] Embed Pods Frameworks */ = {
			isa = PBXShellScriptBuildPhase;
			buildActionMask = 2147483647;
			files = (
			);
			inputFileListPaths = (
				"${PODS_ROOT}/Target Support Files/Pods-WorkTime/Pods-WorkTime-frameworks-${CONFIGURATION}-input-files.xcfilelist",
			);
			name = "[CP] Embed Pods Frameworks";
			outputFileListPaths = (
				"${PODS_ROOT}/Target Support Files/Pods-WorkTime/Pods-WorkTime-frameworks-${CONFIGURATION}-output-files.xcfilelist",
			);
			runOnlyForDeploymentPostprocessing = 0;
			shellPath = /bin/sh;
			shellScript = "\"${PODS_ROOT}/Target Support Files/Pods-WorkTime/Pods-WorkTime-frameworks.sh\"\n";
			showEnvVarsInLog = 0;
		};
		3D5F8433E902A74E87F19986 /* [CP] Check Pods Manifest.lock */ = {
			isa = PBXShellScriptBuildPhase;
			buildActionMask = 2147483647;
			files = (
			);
			inputFileListPaths = (
			);
			inputPaths = (
				"${PODS_PODFILE_DIR_PATH}/Podfile.lock",
				"${PODS_ROOT}/Manifest.lock",
			);
			name = "[CP] Check Pods Manifest.lock";
			outputFileListPaths = (
			);
			outputPaths = (
				"$(DERIVED_FILE_DIR)/Pods-WorkTime-checkManifestLockResult.txt",
			);
			runOnlyForDeploymentPostprocessing = 0;
			shellPath = /bin/sh;
			shellScript = "diff \"${PODS_PODFILE_DIR_PATH}/Podfile.lock\" \"${PODS_ROOT}/Manifest.lock\" > /dev/null\nif [ $? != 0 ] ; then\n    # print error to STDERR\n    echo \"error: The sandbox is not in sync with the Podfile.lock. Run 'pod install' or update your CocoaPods installation.\" >&2\n    exit 1\nfi\n# This output is used by Xcode 'outputs' to avoid re-running this script phase.\necho \"SUCCESS\" > \"${SCRIPT_OUTPUT_FILE_0}\"\n";
			showEnvVarsInLog = 0;
		};
		C82268D729E8368B00E72C15 /* R generate */ = {
			isa = PBXShellScriptBuildPhase;
			alwaysOutOfDate = 1;
			buildActionMask = 2147483647;
			files = (
			);
			inputFileListPaths = (
			);
			inputPaths = (
			);
			name = "R generate";
			outputFileListPaths = (
			);
			outputPaths = (
			);
			runOnlyForDeploymentPostprocessing = 0;
			shellPath = /bin/sh;
			shellScript = "\"$PODS_ROOT/R.swift/rswift\" generate \"$SRCROOT/WorkTime/Resources/Generated/R.generated.swift\"\n";
		};
/* End PBXShellScriptBuildPhase section */

/* Begin PBXSourcesBuildPhase section */
		C822689629E8177D00E72C15 /* Sources */ = {
			isa = PBXSourcesBuildPhase;
			buildActionMask = 2147483647;
			files = (
				C82268A229E8177D00E72C15 /* ViewController.swift in Sources */,
				C822689E29E8177D00E72C15 /* AppDelegate.swift in Sources */,
				C82268A029E8177D00E72C15 /* SceneDelegate.swift in Sources */,
				C82268DB29E837CF00E72C15 /* R.generated.swift in Sources */,
			);
			runOnlyForDeploymentPostprocessing = 0;
		};
/* End PBXSourcesBuildPhase section */

/* Begin PBXVariantGroup section */
		C82268A829E8177E00E72C15 /* LaunchScreen.storyboard */ = {
			isa = PBXVariantGroup;
			children = (
				C82268A929E8177E00E72C15 /* Base */,
			);
			name = LaunchScreen.storyboard;
			sourceTree = "<group>";
		};
/* End PBXVariantGroup section */

/* Begin XCBuildConfiguration section */
		C82268AC29E8177E00E72C15 /* Debug */ = {
			isa = XCBuildConfiguration;
			buildSettings = {
				ALWAYS_SEARCH_USER_PATHS = NO;
				CLANG_ANALYZER_NONNULL = YES;
				CLANG_ANALYZER_NUMBER_OBJECT_CONVERSION = YES_AGGRESSIVE;
				CLANG_CXX_LANGUAGE_STANDARD = "gnu++20";
				CLANG_ENABLE_MODULES = YES;
				CLANG_ENABLE_OBJC_ARC = YES;
				CLANG_ENABLE_OBJC_WEAK = YES;
				CLANG_WARN_BLOCK_CAPTURE_AUTORELEASING = YES;
				CLANG_WARN_BOOL_CONVERSION = YES;
				CLANG_WARN_COMMA = YES;
				CLANG_WARN_CONSTANT_CONVERSION = YES;
				CLANG_WARN_DEPRECATED_OBJC_IMPLEMENTATIONS = YES;
				CLANG_WARN_DIRECT_OBJC_ISA_USAGE = YES_ERROR;
				CLANG_WARN_DOCUMENTATION_COMMENTS = YES;
				CLANG_WARN_EMPTY_BODY = YES;
				CLANG_WARN_ENUM_CONVERSION = YES;
				CLANG_WARN_INFINITE_RECURSION = YES;
				CLANG_WARN_INT_CONVERSION = YES;
				CLANG_WARN_NON_LITERAL_NULL_CONVERSION = YES;
				CLANG_WARN_OBJC_IMPLICIT_RETAIN_SELF = YES;
				CLANG_WARN_OBJC_LITERAL_CONVERSION = YES;
				CLANG_WARN_OBJC_ROOT_CLASS = YES_ERROR;
				CLANG_WARN_QUOTED_INCLUDE_IN_FRAMEWORK_HEADER = YES;
				CLANG_WARN_RANGE_LOOP_ANALYSIS = YES;
				CLANG_WARN_STRICT_PROTOTYPES = YES;
				CLANG_WARN_SUSPICIOUS_MOVE = YES;
				CLANG_WARN_UNGUARDED_AVAILABILITY = YES_AGGRESSIVE;
				CLANG_WARN_UNREACHABLE_CODE = YES;
				CLANG_WARN__DUPLICATE_METHOD_MATCH = YES;
				COPY_PHASE_STRIP = NO;
				DEBUG_INFORMATION_FORMAT = dwarf;
				ENABLE_STRICT_OBJC_MSGSEND = YES;
				ENABLE_TESTABILITY = YES;
				GCC_C_LANGUAGE_STANDARD = gnu11;
				GCC_DYNAMIC_NO_PIC = NO;
				GCC_NO_COMMON_BLOCKS = YES;
				GCC_OPTIMIZATION_LEVEL = 0;
				GCC_PREPROCESSOR_DEFINITIONS = (
					"DEBUG=1",
					"$(inherited)",
				);
				GCC_WARN_64_TO_32_BIT_CONVERSION = YES;
				GCC_WARN_ABOUT_RETURN_TYPE = YES_ERROR;
				GCC_WARN_UNDECLARED_SELECTOR = YES;
				GCC_WARN_UNINITIALIZED_AUTOS = YES_AGGRESSIVE;
				GCC_WARN_UNUSED_FUNCTION = YES;
				GCC_WARN_UNUSED_VARIABLE = YES;
				IPHONEOS_DEPLOYMENT_TARGET = 16.2;
				MTL_ENABLE_DEBUG_INFO = INCLUDE_SOURCE;
				MTL_FAST_MATH = YES;
				ONLY_ACTIVE_ARCH = YES;
				SDKROOT = iphoneos;
				SWIFT_ACTIVE_COMPILATION_CONDITIONS = DEBUG;
				SWIFT_OPTIMIZATION_LEVEL = "-Onone";
			};
			name = Debug;
		};
		C82268AD29E8177E00E72C15 /* Release */ = {
			isa = XCBuildConfiguration;
			buildSettings = {
				ALWAYS_SEARCH_USER_PATHS = NO;
				CLANG_ANALYZER_NONNULL = YES;
				CLANG_ANALYZER_NUMBER_OBJECT_CONVERSION = YES_AGGRESSIVE;
				CLANG_CXX_LANGUAGE_STANDARD = "gnu++20";
				CLANG_ENABLE_MODULES = YES;
				CLANG_ENABLE_OBJC_ARC = YES;
				CLANG_ENABLE_OBJC_WEAK = YES;
				CLANG_WARN_BLOCK_CAPTURE_AUTORELEASING = YES;
				CLANG_WARN_BOOL_CONVERSION = YES;
				CLANG_WARN_COMMA = YES;
				CLANG_WARN_CONSTANT_CONVERSION = YES;
				CLANG_WARN_DEPRECATED_OBJC_IMPLEMENTATIONS = YES;
				CLANG_WARN_DIRECT_OBJC_ISA_USAGE = YES_ERROR;
				CLANG_WARN_DOCUMENTATION_COMMENTS = YES;
				CLANG_WARN_EMPTY_BODY = YES;
				CLANG_WARN_ENUM_CONVERSION = YES;
				CLANG_WARN_INFINITE_RECURSION = YES;
				CLANG_WARN_INT_CONVERSION = YES;
				CLANG_WARN_NON_LITERAL_NULL_CONVERSION = YES;
				CLANG_WARN_OBJC_IMPLICIT_RETAIN_SELF = YES;
				CLANG_WARN_OBJC_LITERAL_CONVERSION = YES;
				CLANG_WARN_OBJC_ROOT_CLASS = YES_ERROR;
				CLANG_WARN_QUOTED_INCLUDE_IN_FRAMEWORK_HEADER = YES;
				CLANG_WARN_RANGE_LOOP_ANALYSIS = YES;
				CLANG_WARN_STRICT_PROTOTYPES = YES;
				CLANG_WARN_SUSPICIOUS_MOVE = YES;
				CLANG_WARN_UNGUARDED_AVAILABILITY = YES_AGGRESSIVE;
				CLANG_WARN_UNREACHABLE_CODE = YES;
				CLANG_WARN__DUPLICATE_METHOD_MATCH = YES;
				COPY_PHASE_STRIP = NO;
				DEBUG_INFORMATION_FORMAT = "dwarf-with-dsym";
				ENABLE_NS_ASSERTIONS = NO;
				ENABLE_STRICT_OBJC_MSGSEND = YES;
				GCC_C_LANGUAGE_STANDARD = gnu11;
				GCC_NO_COMMON_BLOCKS = YES;
				GCC_WARN_64_TO_32_BIT_CONVERSION = YES;
				GCC_WARN_ABOUT_RETURN_TYPE = YES_ERROR;
				GCC_WARN_UNDECLARED_SELECTOR = YES;
				GCC_WARN_UNINITIALIZED_AUTOS = YES_AGGRESSIVE;
				GCC_WARN_UNUSED_FUNCTION = YES;
				GCC_WARN_UNUSED_VARIABLE = YES;
				IPHONEOS_DEPLOYMENT_TARGET = 16.2;
				MTL_ENABLE_DEBUG_INFO = NO;
				MTL_FAST_MATH = YES;
				SDKROOT = iphoneos;
				SWIFT_COMPILATION_MODE = wholemodule;
				SWIFT_OPTIMIZATION_LEVEL = "-O";
				VALIDATE_PRODUCT = YES;
			};
			name = Release;
		};
		C82268AF29E8177E00E72C15 /* Debug */ = {
			isa = XCBuildConfiguration;
			baseConfigurationReference = B375DB5B6AE4D57207AA81D9 /* Pods-WorkTime.debug.xcconfig */;
			buildSettings = {
				ASSETCATALOG_COMPILER_APPICON_NAME = AppIcon;
				ASSETCATALOG_COMPILER_GLOBAL_ACCENT_COLOR_NAME = AccentColor;
				CODE_SIGN_STYLE = Automatic;
				CURRENT_PROJECT_VERSION = 1;
				DEVELOPMENT_TEAM = 9YC36K5NGP;
				GENERATE_INFOPLIST_FILE = YES;
				INFOPLIST_FILE = WorkTime/SupportingFiles/Info.plist;
				INFOPLIST_KEY_UIApplicationSupportsIndirectInputEvents = YES;
				INFOPLIST_KEY_UILaunchStoryboardName = LaunchScreen;
				INFOPLIST_KEY_UIMainStoryboardFile = "";
				INFOPLIST_KEY_UISupportedInterfaceOrientations = UIInterfaceOrientationPortrait;
				INFOPLIST_KEY_UISupportedInterfaceOrientations_iPad = "UIInterfaceOrientationLandscapeLeft UIInterfaceOrientationLandscapeRight UIInterfaceOrientationPortrait UIInterfaceOrientationPortraitUpsideDown";
				IPHONEOS_DEPLOYMENT_TARGET = 14.0;
				LD_RUNPATH_SEARCH_PATHS = (
					"$(inherited)",
					"@executable_path/Frameworks",
				);
				MARKETING_VERSION = 1.0;
				PRODUCT_BUNDLE_IDENTIFIER = eLu.WorkTime;
				PRODUCT_NAME = "$(TARGET_NAME)";
				SWIFT_EMIT_LOC_STRINGS = YES;
				SWIFT_VERSION = 5.0;
				TARGETED_DEVICE_FAMILY = "1,2";
			};
			name = Debug;
		};
		C82268B029E8177E00E72C15 /* Release */ = {
			isa = XCBuildConfiguration;
			baseConfigurationReference = 2337CD7BFF88093E4A3F3B2E /* Pods-WorkTime.release.xcconfig */;
			buildSettings = {
				ASSETCATALOG_COMPILER_APPICON_NAME = AppIcon;
				ASSETCATALOG_COMPILER_GLOBAL_ACCENT_COLOR_NAME = AccentColor;
				CODE_SIGN_STYLE = Automatic;
				CURRENT_PROJECT_VERSION = 1;
				DEVELOPMENT_TEAM = 9YC36K5NGP;
				GENERATE_INFOPLIST_FILE = YES;
				INFOPLIST_FILE = WorkTime/SupportingFiles/Info.plist;
				INFOPLIST_KEY_UIApplicationSupportsIndirectInputEvents = YES;
				INFOPLIST_KEY_UILaunchStoryboardName = LaunchScreen;
				INFOPLIST_KEY_UIMainStoryboardFile = "";
				INFOPLIST_KEY_UISupportedInterfaceOrientations = UIInterfaceOrientationPortrait;
				INFOPLIST_KEY_UISupportedInterfaceOrientations_iPad = "UIInterfaceOrientationLandscapeLeft UIInterfaceOrientationLandscapeRight UIInterfaceOrientationPortrait UIInterfaceOrientationPortraitUpsideDown";
				IPHONEOS_DEPLOYMENT_TARGET = 14.0;
				LD_RUNPATH_SEARCH_PATHS = (
					"$(inherited)",
					"@executable_path/Frameworks",
				);
				MARKETING_VERSION = 1.0;
				PRODUCT_BUNDLE_IDENTIFIER = eLu.WorkTime;
				PRODUCT_NAME = "$(TARGET_NAME)";
				SWIFT_EMIT_LOC_STRINGS = YES;
				SWIFT_VERSION = 5.0;
				TARGETED_DEVICE_FAMILY = "1,2";
			};
			name = Release;
		};
/* End XCBuildConfiguration section */

/* Begin XCConfigurationList section */
		C822689529E8177D00E72C15 /* Build configuration list for PBXProject "WorkTime" */ = {
			isa = XCConfigurationList;
			buildConfigurations = (
				C82268AC29E8177E00E72C15 /* Debug */,
				C82268AD29E8177E00E72C15 /* Release */,
			);
			defaultConfigurationIsVisible = 0;
			defaultConfigurationName = Release;
		};
		C82268AE29E8177E00E72C15 /* Build configuration list for PBXNativeTarget "WorkTime" */ = {
			isa = XCConfigurationList;
			buildConfigurations = (
				C82268AF29E8177E00E72C15 /* Debug */,
				C82268B029E8177E00E72C15 /* Release */,
			);
			defaultConfigurationIsVisible = 0;
			defaultConfigurationName = Release;
		};
/* End XCConfigurationList section */
	};
	rootObject = C822689229E8177D00E72C15 /* Project object */;
}
